
Microsoft Visual Studio Solution File, Format Version 12.00
# Visual Studio Version 16
VisualStudioVersion = 16.0.30804.86
MinimumVisualStudioVersion = 10.0.40219.1
Project("{FAE04EC0-301F-11D3-BF4B-00C04F79EFBC}") = "ConsoleAppExchangeRate", "ConsoleAppExchangeRate\ConsoleAppExchangeRate.csproj", "{5321B43D-6899-4301-A6D6-9F45A04EDED7}"
EndProject
Global
	GlobalSection(SolutionConfigurationPlatforms) = preSolution
		Debug|Any CPU = Debug|Any CPU
		Release|Any CPU = Release|Any CPU
	EndGlobalSection
	GlobalSection(ProjectConfigurationPlatforms) = postSolution
		{5321B43D-6899-4301-A6D6-9F45A04EDED7}.Debug|Any CPU.ActiveCfg = Debug|Any CPU
		{5321B43D-6899-4301-A6D6-9F45A04EDED7}.Debug|Any CPU.Build.0 = Debug|Any CPU
		{5321B43D-6899-4301-A6D6-9F45A04EDED7}.Release|Any CPU.ActiveCfg = Release|Any CPU
		{5321B43D-6899-4301-A6D6-9F45A04EDED7}.Release|Any CPU.Build.0 = Release|Any CPU
	EndGlobalSection
	GlobalSection(SolutionProperties) = preSolution
		HideSolutionNode = FALSE
	EndGlobalSection
	GlobalSection(ExtensibilityGlobals) = postSolution
		SolutionGuid = {54FDDC32-A60D-4B0D-BA6E-7CFD9E2D8476}
	EndGlobalSection
EndGlobal
